// !$*UTF8*$!
{
	archiveVersion = 1;
	classes = {
	};
	objectVersion = 56;
	objects = {

/* Begin PBXBuildFile section */
		0898E68929F1C87F00C81F1E /* Bundle-Decodable.swift in Sources */ = {isa = PBXBuildFile; fileRef = 0898E68829F1C87F00C81F1E /* Bundle-Decodable.swift */; };
		0898E69129F1D64F00C81F1E /* Award.swift in Sources */ = {isa = PBXBuildFile; fileRef = 0898E69029F1D64F00C81F1E /* Award.swift */; };
		0898E69329F1D7E900C81F1E /* AwardsView.swift in Sources */ = {isa = PBXBuildFile; fileRef = 0898E69229F1D7E900C81F1E /* AwardsView.swift */; };
		0898E69629F1DC7F00C81F1E /* Colors.xcassets in Resources */ = {isa = PBXBuildFile; fileRef = 0898E69429F1DC7F00C81F1E /* Colors.xcassets */; };
		0898E69C29F2E1F300C81F1E /* Localizable.strings in Resources */ = {isa = PBXBuildFile; fileRef = 0898E69E29F2E1F300C81F1E /* Localizable.strings */; };
		0898E69F29F2E1FE00C81F1E /* Localizable.stringsdict in Resources */ = {isa = PBXBuildFile; fileRef = 0898E6A129F2E1FE00C81F1E /* Localizable.stringsdict */; };
		0898E6A529F2EB9700C81F1E /* String-Localized.swift in Sources */ = {isa = PBXBuildFile; fileRef = 0898E6A429F2EB9700C81F1E /* String-Localized.swift */; };
		0898E6A829F2F6D600C81F1E /* Awards.json in Resources */ = {isa = PBXBuildFile; fileRef = 0898E6AA29F2F6D600C81F1E /* Awards.json */; };
		0898E6AF29F3D9CC00C81F1E /* FilterMenuView.swift in Sources */ = {isa = PBXBuildFile; fileRef = 0898E6AE29F3D9CC00C81F1E /* FilterMenuView.swift */; };
		0898E6B129F3E27500C81F1E /* IssueTagsMenuView.swift in Sources */ = {isa = PBXBuildFile; fileRef = 0898E6B029F3E27500C81F1E /* IssueTagsMenuView.swift */; };
		0898E6B329F3E33B00C81F1E /* IssueSummaryView.swift in Sources */ = {isa = PBXBuildFile; fileRef = 0898E6B229F3E33B00C81F1E /* IssueSummaryView.swift */; };
		0898E6CA29F40E1200C81F1E /* LocalizableStringKeys.swift in Sources */ = {isa = PBXBuildFile; fileRef = 0898E6C929F40E1200C81F1E /* LocalizableStringKeys.swift */; };
		0898E6CD29F5855100C81F1E /* Enums-IssueFilters.swift in Sources */ = {isa = PBXBuildFile; fileRef = 0898E6CC29F5855100C81F1E /* Enums-IssueFilters.swift */; };
		0898E6DF29F6598A00C81F1E /* HWSPortfolioTests.swift in Sources */ = {isa = PBXBuildFile; fileRef = 0898E6DE29F6598A00C81F1E /* HWSPortfolioTests.swift */; };
		0898E6E629F670ED00C81F1E /* AssetTest.swift in Sources */ = {isa = PBXBuildFile; fileRef = 0898E6E529F670ED00C81F1E /* AssetTest.swift */; };
		0898E6E829F6796900C81F1E /* TagTests.swift in Sources */ = {isa = PBXBuildFile; fileRef = 0898E6E729F6796900C81F1E /* TagTests.swift */; };
		0898E6EA29F6822300C81F1E /* AwardTests.swift in Sources */ = {isa = PBXBuildFile; fileRef = 0898E6E929F6822300C81F1E /* AwardTests.swift */; };
		08DFC6A129EEE5DD00C3631A /* HWSPortfolioApp.swift in Sources */ = {isa = PBXBuildFile; fileRef = 08DFC6A029EEE5DD00C3631A /* HWSPortfolioApp.swift */; };
		08DFC6A329EEE5DD00C3631A /* ContentView.swift in Sources */ = {isa = PBXBuildFile; fileRef = 08DFC6A229EEE5DD00C3631A /* ContentView.swift */; };
		08DFC6A529EEE5E100C3631A /* Assets.xcassets in Resources */ = {isa = PBXBuildFile; fileRef = 08DFC6A429EEE5E100C3631A /* Assets.xcassets */; };
		08DFC6A929EEE5E100C3631A /* Preview Assets.xcassets in Resources */ = {isa = PBXBuildFile; fileRef = 08DFC6A829EEE5E100C3631A /* Preview Assets.xcassets */; };
		08DFC6B129EEECC100C3631A /* Main.xcdatamodeld in Sources */ = {isa = PBXBuildFile; fileRef = 08DFC6AF29EEECC100C3631A /* Main.xcdatamodeld */; };
		08DFC6B329EEF02700C3631A /* DataController.swift in Sources */ = {isa = PBXBuildFile; fileRef = 08DFC6B229EEF02700C3631A /* DataController.swift */; };
		08DFC6B629EFC53E00C3631A /* SidebarView.swift in Sources */ = {isa = PBXBuildFile; fileRef = 08DFC6B529EFC53E00C3631A /* SidebarView.swift */; };
		08DFC6B829EFC54B00C3631A /* DetailView.swift in Sources */ = {isa = PBXBuildFile; fileRef = 08DFC6B729EFC54B00C3631A /* DetailView.swift */; };
		08DFC6BA29EFCF8900C3631A /* Filter.swift in Sources */ = {isa = PBXBuildFile; fileRef = 08DFC6B929EFCF8900C3631A /* Filter.swift */; };
		08DFC6BC29F00A0B00C3631A /* Issue-CD_Helpers.swift in Sources */ = {isa = PBXBuildFile; fileRef = 08DFC6BB29F00A0B00C3631A /* Issue-CD_Helpers.swift */; };
		08DFC6BE29F00E7F00C3631A /* Tag-CD_Helpers.swift in Sources */ = {isa = PBXBuildFile; fileRef = 08DFC6BD29F00E7F00C3631A /* Tag-CD_Helpers.swift */; };
		08DFC6C029F01C7000C3631A /* IssueRowView.swift in Sources */ = {isa = PBXBuildFile; fileRef = 08DFC6BF29F01C7000C3631A /* IssueRowView.swift */; };
		08DFC6C229F03AC000C3631A /* IssueView.swift in Sources */ = {isa = PBXBuildFile; fileRef = 08DFC6C129F03AC000C3631A /* IssueView.swift */; };
		08DFC6C429F03ACC00C3631A /* NoIssueView.swift in Sources */ = {isa = PBXBuildFile; fileRef = 08DFC6C329F03ACC00C3631A /* NoIssueView.swift */; };
		08DFC6C629F068A900C3631A /* TagsCloudView.swift in Sources */ = {isa = PBXBuildFile; fileRef = 08DFC6C529F068A900C3631A /* TagsCloudView.swift */; };
		08F357ED29F7031B0058845D /* ExtensionTests.swift in Sources */ = {isa = PBXBuildFile; fileRef = 08F357EC29F7031B0058845D /* ExtensionTests.swift */; };
		08F357F029F7089D0058845D /* DecodableDictionary.json in Resources */ = {isa = PBXBuildFile; fileRef = 08F357EF29F7089D0058845D /* DecodableDictionary.json */; };
		08F357F229F709200058845D /* DecodableString.json in Resources */ = {isa = PBXBuildFile; fileRef = 08F357F129F709200058845D /* DecodableString.json */; };
		08F357FA29F7A6CF0058845D /* HWSPortfolio_PerformanceTests.swift in Sources */ = {isa = PBXBuildFile; fileRef = 08F357F929F7A6CF0058845D /* HWSPortfolio_PerformanceTests.swift */; };
		08F3580129F7A7950058845D /* AwardTests.swift in Sources */ = {isa = PBXBuildFile; fileRef = 08F3580029F7A7950058845D /* AwardTests.swift */; };
		08F3580929F7BD470058845D /* HWSPortfolioUITests.swift in Sources */ = {isa = PBXBuildFile; fileRef = 08F3580829F7BD470058845D /* HWSPortfolioUITests.swift */; };
		08F3580B29F7BD470058845D /* HWSPortfolioUITestsLaunchTests.swift in Sources */ = {isa = PBXBuildFile; fileRef = 08F3580A29F7BD470058845D /* HWSPortfolioUITestsLaunchTests.swift */; };
		08F3581229F7E0AA0058845D /* SidebarViewModel.swift in Sources */ = {isa = PBXBuildFile; fileRef = 08F3581129F7E0AA0058845D /* SidebarViewModel.swift */; };
		08FF717729F6C52A00AF4E51 /* DevelopmentTests.swift in Sources */ = {isa = PBXBuildFile; fileRef = 08FF717629F6C52A00AF4E51 /* DevelopmentTests.swift */; };
/* End PBXBuildFile section */

/* Begin PBXContainerItemProxy section */
		0898E6E029F6598A00C81F1E /* PBXContainerItemProxy */ = {
			isa = PBXContainerItemProxy;
			containerPortal = 08DFC69529EEE5DD00C3631A /* Project object */;
			proxyType = 1;
			remoteGlobalIDString = 08DFC69C29EEE5DD00C3631A;
			remoteInfo = HWSPortfolio;
		};
		08F357FB29F7A6CF0058845D /* PBXContainerItemProxy */ = {
			isa = PBXContainerItemProxy;
			containerPortal = 08DFC69529EEE5DD00C3631A /* Project object */;
			proxyType = 1;
			remoteGlobalIDString = 08DFC69C29EEE5DD00C3631A;
			remoteInfo = HWSPortfolio;
		};
		08F3580C29F7BD470058845D /* PBXContainerItemProxy */ = {
			isa = PBXContainerItemProxy;
			containerPortal = 08DFC69529EEE5DD00C3631A /* Project object */;
			proxyType = 1;
			remoteGlobalIDString = 08DFC69C29EEE5DD00C3631A;
			remoteInfo = HWSPortfolio;
		};
/* End PBXContainerItemProxy section */

/* Begin PBXFileReference section */
		0898E68829F1C87F00C81F1E /* Bundle-Decodable.swift */ = {isa = PBXFileReference; lastKnownFileType = sourcecode.swift; path = "Bundle-Decodable.swift"; sourceTree = "<group>"; };
		0898E69029F1D64F00C81F1E /* Award.swift */ = {isa = PBXFileReference; lastKnownFileType = sourcecode.swift; path = Award.swift; sourceTree = "<group>"; };
		0898E69229F1D7E900C81F1E /* AwardsView.swift */ = {isa = PBXFileReference; lastKnownFileType = sourcecode.swift; path = AwardsView.swift; sourceTree = "<group>"; };
		0898E69429F1DC7F00C81F1E /* Colors.xcassets */ = {isa = PBXFileReference; lastKnownFileType = folder.assetcatalog; path = Colors.xcassets; sourceTree = "<group>"; };
		0898E69D29F2E1F300C81F1E /* en */ = {isa = PBXFileReference; lastKnownFileType = text.plist.strings; name = en; path = en.lproj/Localizable.strings; sourceTree = "<group>"; };
		0898E6A029F2E1FE00C81F1E /* en */ = {isa = PBXFileReference; lastKnownFileType = text.plist.stringsdict; name = en; path = en.lproj/Localizable.stringsdict; sourceTree = "<group>"; };
		0898E6A229F2E20300C81F1E /* uk */ = {isa = PBXFileReference; lastKnownFileType = text.plist.stringsdict; name = uk; path = uk.lproj/Localizable.stringsdict; sourceTree = "<group>"; };
		0898E6A329F2E20800C81F1E /* uk */ = {isa = PBXFileReference; lastKnownFileType = text.plist.strings; name = uk; path = uk.lproj/Localizable.strings; sourceTree = "<group>"; };
		0898E6A429F2EB9700C81F1E /* String-Localized.swift */ = {isa = PBXFileReference; lastKnownFileType = sourcecode.swift; path = "String-Localized.swift"; sourceTree = "<group>"; };
		0898E6AC29F2F6DC00C81F1E /* uk */ = {isa = PBXFileReference; lastKnownFileType = text.json; name = uk; path = uk.lproj/Awards.json; sourceTree = "<group>"; };
		0898E6AD29F2F6E800C81F1E /* en */ = {isa = PBXFileReference; lastKnownFileType = text.json; name = en; path = en.lproj/Awards.json; sourceTree = "<group>"; };
		0898E6AE29F3D9CC00C81F1E /* FilterMenuView.swift */ = {isa = PBXFileReference; lastKnownFileType = sourcecode.swift; path = FilterMenuView.swift; sourceTree = "<group>"; };
		0898E6B029F3E27500C81F1E /* IssueTagsMenuView.swift */ = {isa = PBXFileReference; lastKnownFileType = sourcecode.swift; path = IssueTagsMenuView.swift; sourceTree = "<group>"; };
		0898E6B229F3E33B00C81F1E /* IssueSummaryView.swift */ = {isa = PBXFileReference; lastKnownFileType = sourcecode.swift; path = IssueSummaryView.swift; sourceTree = "<group>"; };
		0898E6C929F40E1200C81F1E /* LocalizableStringKeys.swift */ = {isa = PBXFileReference; lastKnownFileType = sourcecode.swift; path = LocalizableStringKeys.swift; sourceTree = "<group>"; };
		0898E6CC29F5855100C81F1E /* Enums-IssueFilters.swift */ = {isa = PBXFileReference; lastKnownFileType = sourcecode.swift; path = "Enums-IssueFilters.swift"; sourceTree = "<group>"; };
		0898E6DC29F6598A00C81F1E /* HWSPortfolioTests.xctest */ = {isa = PBXFileReference; explicitFileType = wrapper.cfbundle; includeInIndex = 0; path = HWSPortfolioTests.xctest; sourceTree = BUILT_PRODUCTS_DIR; };
		0898E6DE29F6598A00C81F1E /* HWSPortfolioTests.swift */ = {isa = PBXFileReference; lastKnownFileType = sourcecode.swift; path = HWSPortfolioTests.swift; sourceTree = "<group>"; };
		0898E6E529F670ED00C81F1E /* AssetTest.swift */ = {isa = PBXFileReference; lastKnownFileType = sourcecode.swift; path = AssetTest.swift; sourceTree = "<group>"; };
		0898E6E729F6796900C81F1E /* TagTests.swift */ = {isa = PBXFileReference; lastKnownFileType = sourcecode.swift; path = TagTests.swift; sourceTree = "<group>"; };
		0898E6E929F6822300C81F1E /* AwardTests.swift */ = {isa = PBXFileReference; lastKnownFileType = sourcecode.swift; path = AwardTests.swift; sourceTree = "<group>"; };
		08DFC69D29EEE5DD00C3631A /* HWSPortfolio.app */ = {isa = PBXFileReference; explicitFileType = wrapper.application; includeInIndex = 0; path = HWSPortfolio.app; sourceTree = BUILT_PRODUCTS_DIR; };
		08DFC6A029EEE5DD00C3631A /* HWSPortfolioApp.swift */ = {isa = PBXFileReference; lastKnownFileType = sourcecode.swift; path = HWSPortfolioApp.swift; sourceTree = "<group>"; };
		08DFC6A229EEE5DD00C3631A /* ContentView.swift */ = {isa = PBXFileReference; lastKnownFileType = sourcecode.swift; path = ContentView.swift; sourceTree = "<group>"; };
		08DFC6A429EEE5E100C3631A /* Assets.xcassets */ = {isa = PBXFileReference; lastKnownFileType = folder.assetcatalog; path = Assets.xcassets; sourceTree = "<group>"; };
		08DFC6A629EEE5E100C3631A /* HWSPortfolio.entitlements */ = {isa = PBXFileReference; lastKnownFileType = text.plist.entitlements; path = HWSPortfolio.entitlements; sourceTree = "<group>"; };
		08DFC6A829EEE5E100C3631A /* Preview Assets.xcassets */ = {isa = PBXFileReference; lastKnownFileType = folder.assetcatalog; path = "Preview Assets.xcassets"; sourceTree = "<group>"; };
		08DFC6B029EEECC100C3631A /* Main.xcdatamodel */ = {isa = PBXFileReference; lastKnownFileType = wrapper.xcdatamodel; path = Main.xcdatamodel; sourceTree = "<group>"; };
		08DFC6B229EEF02700C3631A /* DataController.swift */ = {isa = PBXFileReference; lastKnownFileType = sourcecode.swift; path = DataController.swift; sourceTree = "<group>"; };
		08DFC6B429EEFC4000C3631A /* Info.plist */ = {isa = PBXFileReference; lastKnownFileType = text.plist.xml; path = Info.plist; sourceTree = "<group>"; };
		08DFC6B529EFC53E00C3631A /* SidebarView.swift */ = {isa = PBXFileReference; lastKnownFileType = sourcecode.swift; path = SidebarView.swift; sourceTree = "<group>"; };
		08DFC6B729EFC54B00C3631A /* DetailView.swift */ = {isa = PBXFileReference; lastKnownFileType = sourcecode.swift; path = DetailView.swift; sourceTree = "<group>"; };
		08DFC6B929EFCF8900C3631A /* Filter.swift */ = {isa = PBXFileReference; lastKnownFileType = sourcecode.swift; path = Filter.swift; sourceTree = "<group>"; };
		08DFC6BB29F00A0B00C3631A /* Issue-CD_Helpers.swift */ = {isa = PBXFileReference; lastKnownFileType = sourcecode.swift; path = "Issue-CD_Helpers.swift"; sourceTree = "<group>"; };
		08DFC6BD29F00E7F00C3631A /* Tag-CD_Helpers.swift */ = {isa = PBXFileReference; lastKnownFileType = sourcecode.swift; path = "Tag-CD_Helpers.swift"; sourceTree = "<group>"; };
		08DFC6BF29F01C7000C3631A /* IssueRowView.swift */ = {isa = PBXFileReference; lastKnownFileType = sourcecode.swift; path = IssueRowView.swift; sourceTree = "<group>"; };
		08DFC6C129F03AC000C3631A /* IssueView.swift */ = {isa = PBXFileReference; lastKnownFileType = sourcecode.swift; path = IssueView.swift; sourceTree = "<group>"; };
		08DFC6C329F03ACC00C3631A /* NoIssueView.swift */ = {isa = PBXFileReference; lastKnownFileType = sourcecode.swift; path = NoIssueView.swift; sourceTree = "<group>"; };
		08DFC6C529F068A900C3631A /* TagsCloudView.swift */ = {isa = PBXFileReference; lastKnownFileType = sourcecode.swift; path = TagsCloudView.swift; sourceTree = "<group>"; };
		08F357EC29F7031B0058845D /* ExtensionTests.swift */ = {isa = PBXFileReference; lastKnownFileType = sourcecode.swift; path = ExtensionTests.swift; sourceTree = "<group>"; };
		08F357EF29F7089D0058845D /* DecodableDictionary.json */ = {isa = PBXFileReference; lastKnownFileType = text.json; path = DecodableDictionary.json; sourceTree = "<group>"; };
		08F357F129F709200058845D /* DecodableString.json */ = {isa = PBXFileReference; lastKnownFileType = text.json; path = DecodableString.json; sourceTree = "<group>"; };
		08F357F729F7A6CF0058845D /* HWSPortfolio_PerformanceTests.xctest */ = {isa = PBXFileReference; explicitFileType = wrapper.cfbundle; includeInIndex = 0; path = HWSPortfolio_PerformanceTests.xctest; sourceTree = BUILT_PRODUCTS_DIR; };
		08F357F929F7A6CF0058845D /* HWSPortfolio_PerformanceTests.swift */ = {isa = PBXFileReference; lastKnownFileType = sourcecode.swift; path = HWSPortfolio_PerformanceTests.swift; sourceTree = "<group>"; };
		08F3580029F7A7950058845D /* AwardTests.swift */ = {isa = PBXFileReference; lastKnownFileType = sourcecode.swift; path = AwardTests.swift; sourceTree = "<group>"; };
		08F3580629F7BD470058845D /* HWSPortfolioUITests.xctest */ = {isa = PBXFileReference; explicitFileType = wrapper.cfbundle; includeInIndex = 0; path = HWSPortfolioUITests.xctest; sourceTree = BUILT_PRODUCTS_DIR; };
		08F3580829F7BD470058845D /* HWSPortfolioUITests.swift */ = {isa = PBXFileReference; lastKnownFileType = sourcecode.swift; path = HWSPortfolioUITests.swift; sourceTree = "<group>"; };
		08F3580A29F7BD470058845D /* HWSPortfolioUITestsLaunchTests.swift */ = {isa = PBXFileReference; lastKnownFileType = sourcecode.swift; path = HWSPortfolioUITestsLaunchTests.swift; sourceTree = "<group>"; };
		08F3581129F7E0AA0058845D /* SidebarViewModel.swift */ = {isa = PBXFileReference; lastKnownFileType = sourcecode.swift; path = SidebarViewModel.swift; sourceTree = "<group>"; };
		08FF717629F6C52A00AF4E51 /* DevelopmentTests.swift */ = {isa = PBXFileReference; lastKnownFileType = sourcecode.swift; path = DevelopmentTests.swift; sourceTree = "<group>"; };
/* End PBXFileReference section */

/* Begin PBXFrameworksBuildPhase section */
		0898E6D929F6598A00C81F1E /* Frameworks */ = {
			isa = PBXFrameworksBuildPhase;
			buildActionMask = 2147483647;
			files = (
			);
			runOnlyForDeploymentPostprocessing = 0;
		};
		08DFC69A29EEE5DD00C3631A /* Frameworks */ = {
			isa = PBXFrameworksBuildPhase;
			buildActionMask = 2147483647;
			files = (
			);
			runOnlyForDeploymentPostprocessing = 0;
		};
		08F357F429F7A6CF0058845D /* Frameworks */ = {
			isa = PBXFrameworksBuildPhase;
			buildActionMask = 2147483647;
			files = (
			);
			runOnlyForDeploymentPostprocessing = 0;
		};
		08F3580329F7BD470058845D /* Frameworks */ = {
			isa = PBXFrameworksBuildPhase;
			buildActionMask = 2147483647;
			files = (
			);
			runOnlyForDeploymentPostprocessing = 0;
		};
/* End PBXFrameworksBuildPhase section */

/* Begin PBXGroup section */
		0898E6D029F58C1900C81F1E /* Controllers */ = {
			isa = PBXGroup;
			children = (
				08DFC6B229EEF02700C3631A /* DataController.swift */,
				0898E6CC29F5855100C81F1E /* Enums-IssueFilters.swift */,
				08DFC6B929EFCF8900C3631A /* Filter.swift */,
			);
			path = Controllers;
			sourceTree = "<group>";
		};
		0898E6D129F58D1600C81F1E /* Extensions */ = {
			isa = PBXGroup;
			children = (
				08DFC6BB29F00A0B00C3631A /* Issue-CD_Helpers.swift */,
				08DFC6BD29F00E7F00C3631A /* Tag-CD_Helpers.swift */,
				0898E68829F1C87F00C81F1E /* Bundle-Decodable.swift */,
				0898E6A429F2EB9700C81F1E /* String-Localized.swift */,
			);
			path = Extensions;
			sourceTree = "<group>";
		};
		0898E6D229F58D1E00C81F1E /* Localization */ = {
			isa = PBXGroup;
			children = (
				0898E6C929F40E1200C81F1E /* LocalizableStringKeys.swift */,
				0898E69E29F2E1F300C81F1E /* Localizable.strings */,
				0898E6A129F2E1FE00C81F1E /* Localizable.stringsdict */,
			);
			path = Localization;
			sourceTree = "<group>";
		};
		0898E6D329F58D2600C81F1E /* Configuration */ = {
			isa = PBXGroup;
			children = (
				08DFC6B429EEFC4000C3631A /* Info.plist */,
				08DFC6AF29EEECC100C3631A /* Main.xcdatamodeld */,
				08DFC6A629EEE5E100C3631A /* HWSPortfolio.entitlements */,
			);
			path = Configuration;
			sourceTree = "<group>";
		};
		0898E6D429F59E2800C81F1E /* Activities */ = {
			isa = PBXGroup;
			children = (
				0898E6D529F59E6200C81F1E /* Sidebar */,
				0898E6D629F59E7000C81F1E /* Content */,
				0898E6D729F59E7B00C81F1E /* Details */,
			);
			path = Activities;
			sourceTree = "<group>";
		};
		0898E6D529F59E6200C81F1E /* Sidebar */ = {
			isa = PBXGroup;
			children = (
				08DFC6B529EFC53E00C3631A /* SidebarView.swift */,
				08F3581129F7E0AA0058845D /* SidebarViewModel.swift */,
				0898E69229F1D7E900C81F1E /* AwardsView.swift */,
				0898E69029F1D64F00C81F1E /* Award.swift */,
				0898E6AA29F2F6D600C81F1E /* Awards.json */,
			);
			path = Sidebar;
			sourceTree = "<group>";
		};
		0898E6D629F59E7000C81F1E /* Content */ = {
			isa = PBXGroup;
			children = (
				08DFC6A229EEE5DD00C3631A /* ContentView.swift */,
				0898E6AE29F3D9CC00C81F1E /* FilterMenuView.swift */,
				08DFC6BF29F01C7000C3631A /* IssueRowView.swift */,
				08DFC6C529F068A900C3631A /* TagsCloudView.swift */,
			);
			path = Content;
			sourceTree = "<group>";
		};
		0898E6D729F59E7B00C81F1E /* Details */ = {
			isa = PBXGroup;
			children = (
				08DFC6B729EFC54B00C3631A /* DetailView.swift */,
				08DFC6C129F03AC000C3631A /* IssueView.swift */,
				0898E6B229F3E33B00C81F1E /* IssueSummaryView.swift */,
				0898E6B029F3E27500C81F1E /* IssueTagsMenuView.swift */,
				08DFC6C329F03ACC00C3631A /* NoIssueView.swift */,
			);
			path = Details;
			sourceTree = "<group>";
		};
		0898E6DD29F6598A00C81F1E /* HWSPortfolioTests */ = {
			isa = PBXGroup;
			children = (
				08F357EE29F7085B0058845D /* Fixtures */,
				0898E6DE29F6598A00C81F1E /* HWSPortfolioTests.swift */,
				0898E6E529F670ED00C81F1E /* AssetTest.swift */,
				0898E6E729F6796900C81F1E /* TagTests.swift */,
				0898E6E929F6822300C81F1E /* AwardTests.swift */,
				08FF717629F6C52A00AF4E51 /* DevelopmentTests.swift */,
				08F357EC29F7031B0058845D /* ExtensionTests.swift */,
			);
			path = HWSPortfolioTests;
			sourceTree = "<group>";
		};
		08DFC69429EEE5DD00C3631A = {
			isa = PBXGroup;
			children = (
				08DFC69F29EEE5DD00C3631A /* HWSPortfolio */,
				0898E6DD29F6598A00C81F1E /* HWSPortfolioTests */,
				08F357F829F7A6CF0058845D /* HWSPortfolio_PerformanceTests */,
				08F3580729F7BD470058845D /* HWSPortfolioUITests */,
				08DFC69E29EEE5DD00C3631A /* Products */,
			);
			sourceTree = "<group>";
		};
		08DFC69E29EEE5DD00C3631A /* Products */ = {
			isa = PBXGroup;
			children = (
				08DFC69D29EEE5DD00C3631A /* HWSPortfolio.app */,
				0898E6DC29F6598A00C81F1E /* HWSPortfolioTests.xctest */,
				08F357F729F7A6CF0058845D /* HWSPortfolio_PerformanceTests.xctest */,
				08F3580629F7BD470058845D /* HWSPortfolioUITests.xctest */,
			);
			name = Products;
			sourceTree = "<group>";
		};
		08DFC69F29EEE5DD00C3631A /* HWSPortfolio */ = {
			isa = PBXGroup;
			children = (
				0898E6D429F59E2800C81F1E /* Activities */,
				0898E6D029F58C1900C81F1E /* Controllers */,
				0898E6D129F58D1600C81F1E /* Extensions */,
				0898E6D229F58D1E00C81F1E /* Localization */,
				0898E6D329F58D2600C81F1E /* Configuration */,
				08DFC6A029EEE5DD00C3631A /* HWSPortfolioApp.swift */,
				0898E69429F1DC7F00C81F1E /* Colors.xcassets */,
				08DFC6A429EEE5E100C3631A /* Assets.xcassets */,
				08DFC6A729EEE5E100C3631A /* Preview Content */,
			);
			path = HWSPortfolio;
			sourceTree = "<group>";
		};
		08DFC6A729EEE5E100C3631A /* Preview Content */ = {
			isa = PBXGroup;
			children = (
				08DFC6A829EEE5E100C3631A /* Preview Assets.xcassets */,
			);
			path = "Preview Content";
			sourceTree = "<group>";
		};
		08F357EE29F7085B0058845D /* Fixtures */ = {
			isa = PBXGroup;
			children = (
				08F357EF29F7089D0058845D /* DecodableDictionary.json */,
				08F357F129F709200058845D /* DecodableString.json */,
			);
			path = Fixtures;
			sourceTree = "<group>";
		};
		08F357F829F7A6CF0058845D /* HWSPortfolio_PerformanceTests */ = {
			isa = PBXGroup;
			children = (
				08F357F929F7A6CF0058845D /* HWSPortfolio_PerformanceTests.swift */,
				08F3580029F7A7950058845D /* AwardTests.swift */,
			);
			path = HWSPortfolio_PerformanceTests;
			sourceTree = "<group>";
		};
		08F3580729F7BD470058845D /* HWSPortfolioUITests */ = {
			isa = PBXGroup;
			children = (
				08F3580829F7BD470058845D /* HWSPortfolioUITests.swift */,
				08F3580A29F7BD470058845D /* HWSPortfolioUITestsLaunchTests.swift */,
			);
			path = HWSPortfolioUITests;
			sourceTree = "<group>";
		};
/* End PBXGroup section */

/* Begin PBXNativeTarget section */
		0898E6DB29F6598A00C81F1E /* HWSPortfolioTests */ = {
			isa = PBXNativeTarget;
			buildConfigurationList = 0898E6E229F6598A00C81F1E /* Build configuration list for PBXNativeTarget "HWSPortfolioTests" */;
			buildPhases = (
				0898E6D829F6598A00C81F1E /* Sources */,
				0898E6D929F6598A00C81F1E /* Frameworks */,
				0898E6DA29F6598A00C81F1E /* Resources */,
			);
			buildRules = (
			);
			dependencies = (
				0898E6E129F6598A00C81F1E /* PBXTargetDependency */,
			);
			name = HWSPortfolioTests;
			productName = HWSPortfolioTests;
			productReference = 0898E6DC29F6598A00C81F1E /* HWSPortfolioTests.xctest */;
			productType = "com.apple.product-type.bundle.unit-test";
		};
		08DFC69C29EEE5DD00C3631A /* HWSPortfolio */ = {
			isa = PBXNativeTarget;
			buildConfigurationList = 08DFC6AC29EEE5E100C3631A /* Build configuration list for PBXNativeTarget "HWSPortfolio" */;
			buildPhases = (
				08DFC69929EEE5DD00C3631A /* Sources */,
				08DFC69A29EEE5DD00C3631A /* Frameworks */,
				08DFC69B29EEE5DD00C3631A /* Resources */,
				0898E6CB29F44B6100C81F1E /* SwiftLint */,
			);
			buildRules = (
			);
			dependencies = (
			);
			name = HWSPortfolio;
			productName = HWSPorfolio;
			productReference = 08DFC69D29EEE5DD00C3631A /* HWSPortfolio.app */;
			productType = "com.apple.product-type.application";
		};
		08F357F629F7A6CF0058845D /* HWSPortfolio_PerformanceTests */ = {
			isa = PBXNativeTarget;
			buildConfigurationList = 08F357FD29F7A6CF0058845D /* Build configuration list for PBXNativeTarget "HWSPortfolio_PerformanceTests" */;
			buildPhases = (
				08F357F329F7A6CF0058845D /* Sources */,
				08F357F429F7A6CF0058845D /* Frameworks */,
				08F357F529F7A6CF0058845D /* Resources */,
			);
			buildRules = (
			);
			dependencies = (
				08F357FC29F7A6CF0058845D /* PBXTargetDependency */,
			);
			name = HWSPortfolio_PerformanceTests;
			productName = HWSPortfolio_PerformanceTests;
			productReference = 08F357F729F7A6CF0058845D /* HWSPortfolio_PerformanceTests.xctest */;
			productType = "com.apple.product-type.bundle.unit-test";
		};
		08F3580529F7BD470058845D /* HWSPortfolioUITests */ = {
			isa = PBXNativeTarget;
			buildConfigurationList = 08F3580E29F7BD470058845D /* Build configuration list for PBXNativeTarget "HWSPortfolioUITests" */;
			buildPhases = (
				08F3580229F7BD470058845D /* Sources */,
				08F3580329F7BD470058845D /* Frameworks */,
				08F3580429F7BD470058845D /* Resources */,
			);
			buildRules = (
			);
			dependencies = (
				08F3580D29F7BD470058845D /* PBXTargetDependency */,
			);
			name = HWSPortfolioUITests;
			productName = HWSPortfolioUITests;
			productReference = 08F3580629F7BD470058845D /* HWSPortfolioUITests.xctest */;
			productType = "com.apple.product-type.bundle.ui-testing";
		};
/* End PBXNativeTarget section */

/* Begin PBXProject section */
		08DFC69529EEE5DD00C3631A /* Project object */ = {
			isa = PBXProject;
			attributes = {
				BuildIndependentTargetsInParallel = 1;
				LastSwiftUpdateCheck = 1430;
				LastUpgradeCheck = 1430;
				TargetAttributes = {
					0898E6DB29F6598A00C81F1E = {
						CreatedOnToolsVersion = 14.3;
						TestTargetID = 08DFC69C29EEE5DD00C3631A;
					};
					08DFC69C29EEE5DD00C3631A = {
						CreatedOnToolsVersion = 14.3;
					};
					08F357F629F7A6CF0058845D = {
						CreatedOnToolsVersion = 14.3;
						TestTargetID = 08DFC69C29EEE5DD00C3631A;
					};
					08F3580529F7BD470058845D = {
						CreatedOnToolsVersion = 14.3;
						TestTargetID = 08DFC69C29EEE5DD00C3631A;
					};
				};
			};
			buildConfigurationList = 08DFC69829EEE5DD00C3631A /* Build configuration list for PBXProject "HWSPortfolio" */;
			compatibilityVersion = "Xcode 14.0";
			developmentRegion = en;
			hasScannedForEncodings = 0;
			knownRegions = (
				en,
				Base,
				uk,
			);
			mainGroup = 08DFC69429EEE5DD00C3631A;
			productRefGroup = 08DFC69E29EEE5DD00C3631A /* Products */;
			projectDirPath = "";
			projectRoot = "";
			targets = (
				08DFC69C29EEE5DD00C3631A /* HWSPortfolio */,
				0898E6DB29F6598A00C81F1E /* HWSPortfolioTests */,
				08F357F629F7A6CF0058845D /* HWSPortfolio_PerformanceTests */,
				08F3580529F7BD470058845D /* HWSPortfolioUITests */,
			);
		};
/* End PBXProject section */

/* Begin PBXResourcesBuildPhase section */
		0898E6DA29F6598A00C81F1E /* Resources */ = {
			isa = PBXResourcesBuildPhase;
			buildActionMask = 2147483647;
			files = (
				08F357F229F709200058845D /* DecodableString.json in Resources */,
				08F357F029F7089D0058845D /* DecodableDictionary.json in Resources */,
			);
			runOnlyForDeploymentPostprocessing = 0;
		};
		08DFC69B29EEE5DD00C3631A /* Resources */ = {
			isa = PBXResourcesBuildPhase;
			buildActionMask = 2147483647;
			files = (
				0898E69C29F2E1F300C81F1E /* Localizable.strings in Resources */,
				0898E69629F1DC7F00C81F1E /* Colors.xcassets in Resources */,
				0898E6A829F2F6D600C81F1E /* Awards.json in Resources */,
				08DFC6A929EEE5E100C3631A /* Preview Assets.xcassets in Resources */,
				08DFC6A529EEE5E100C3631A /* Assets.xcassets in Resources */,
				0898E69F29F2E1FE00C81F1E /* Localizable.stringsdict in Resources */,
			);
			runOnlyForDeploymentPostprocessing = 0;
		};
		08F357F529F7A6CF0058845D /* Resources */ = {
			isa = PBXResourcesBuildPhase;
			buildActionMask = 2147483647;
			files = (
			);
			runOnlyForDeploymentPostprocessing = 0;
		};
		08F3580429F7BD470058845D /* Resources */ = {
			isa = PBXResourcesBuildPhase;
			buildActionMask = 2147483647;
			files = (
			);
			runOnlyForDeploymentPostprocessing = 0;
		};
/* End PBXResourcesBuildPhase section */

/* Begin PBXShellScriptBuildPhase section */
		0898E6CB29F44B6100C81F1E /* SwiftLint */ = {
			isa = PBXShellScriptBuildPhase;
			alwaysOutOfDate = 1;
			buildActionMask = 2147483647;
			files = (
			);
			inputFileListPaths = (
			);
			inputPaths = (
			);
			name = SwiftLint;
			outputFileListPaths = (
			);
			outputPaths = (
			);
			runOnlyForDeploymentPostprocessing = 0;
			shellPath = /bin/sh;
			shellScript = "if which swiftlint > /dev/null; then\n  swiftlint\nelse\n  echo \"warning: SwiftLint not installed, download from https://github.com/realm/SwiftLint\"\nfi\n";
		};
/* End PBXShellScriptBuildPhase section */

/* Begin PBXSourcesBuildPhase section */
		0898E6D829F6598A00C81F1E /* Sources */ = {
			isa = PBXSourcesBuildPhase;
			buildActionMask = 2147483647;
			files = (
				0898E6E629F670ED00C81F1E /* AssetTest.swift in Sources */,
				0898E6EA29F6822300C81F1E /* AwardTests.swift in Sources */,
				0898E6E829F6796900C81F1E /* TagTests.swift in Sources */,
				08F357ED29F7031B0058845D /* ExtensionTests.swift in Sources */,
				0898E6DF29F6598A00C81F1E /* HWSPortfolioTests.swift in Sources */,
				08FF717729F6C52A00AF4E51 /* DevelopmentTests.swift in Sources */,
			);
			runOnlyForDeploymentPostprocessing = 0;
		};
		08DFC69929EEE5DD00C3631A /* Sources */ = {
			isa = PBXSourcesBuildPhase;
			buildActionMask = 2147483647;
			files = (
				08DFC6BC29F00A0B00C3631A /* Issue-CD_Helpers.swift in Sources */,
				0898E6B129F3E27500C81F1E /* IssueTagsMenuView.swift in Sources */,
				08DFC6BE29F00E7F00C3631A /* Tag-CD_Helpers.swift in Sources */,
				0898E6CA29F40E1200C81F1E /* LocalizableStringKeys.swift in Sources */,
				0898E6B329F3E33B00C81F1E /* IssueSummaryView.swift in Sources */,
				08DFC6BA29EFCF8900C3631A /* Filter.swift in Sources */,
				08DFC6C029F01C7000C3631A /* IssueRowView.swift in Sources */,
				08DFC6B129EEECC100C3631A /* Main.xcdatamodeld in Sources */,
				08F3581229F7E0AA0058845D /* SidebarViewModel.swift in Sources */,
				0898E6CD29F5855100C81F1E /* Enums-IssueFilters.swift in Sources */,
				0898E68929F1C87F00C81F1E /* Bundle-Decodable.swift in Sources */,
				08DFC6B829EFC54B00C3631A /* DetailView.swift in Sources */,
				0898E6A529F2EB9700C81F1E /* String-Localized.swift in Sources */,
				08DFC6B329EEF02700C3631A /* DataController.swift in Sources */,
				0898E6AF29F3D9CC00C81F1E /* FilterMenuView.swift in Sources */,
				0898E69329F1D7E900C81F1E /* AwardsView.swift in Sources */,
				08DFC6C629F068A900C3631A /* TagsCloudView.swift in Sources */,
				08DFC6B629EFC53E00C3631A /* SidebarView.swift in Sources */,
				08DFC6C229F03AC000C3631A /* IssueView.swift in Sources */,
				08DFC6C429F03ACC00C3631A /* NoIssueView.swift in Sources */,
				08DFC6A329EEE5DD00C3631A /* ContentView.swift in Sources */,
				0898E69129F1D64F00C81F1E /* Award.swift in Sources */,
				08DFC6A129EEE5DD00C3631A /* HWSPortfolioApp.swift in Sources */,
			);
			runOnlyForDeploymentPostprocessing = 0;
		};
		08F357F329F7A6CF0058845D /* Sources */ = {
			isa = PBXSourcesBuildPhase;
			buildActionMask = 2147483647;
			files = (
				08F357FA29F7A6CF0058845D /* HWSPortfolio_PerformanceTests.swift in Sources */,
				08F3580129F7A7950058845D /* AwardTests.swift in Sources */,
			);
			runOnlyForDeploymentPostprocessing = 0;
		};
		08F3580229F7BD470058845D /* Sources */ = {
			isa = PBXSourcesBuildPhase;
			buildActionMask = 2147483647;
			files = (
				08F3580B29F7BD470058845D /* HWSPortfolioUITestsLaunchTests.swift in Sources */,
				08F3580929F7BD470058845D /* HWSPortfolioUITests.swift in Sources */,
			);
			runOnlyForDeploymentPostprocessing = 0;
		};
/* End PBXSourcesBuildPhase section */

/* Begin PBXTargetDependency section */
		0898E6E129F6598A00C81F1E /* PBXTargetDependency */ = {
			isa = PBXTargetDependency;
			target = 08DFC69C29EEE5DD00C3631A /* HWSPortfolio */;
			targetProxy = 0898E6E029F6598A00C81F1E /* PBXContainerItemProxy */;
		};
		08F357FC29F7A6CF0058845D /* PBXTargetDependency */ = {
			isa = PBXTargetDependency;
			target = 08DFC69C29EEE5DD00C3631A /* HWSPortfolio */;
			targetProxy = 08F357FB29F7A6CF0058845D /* PBXContainerItemProxy */;
		};
		08F3580D29F7BD470058845D /* PBXTargetDependency */ = {
			isa = PBXTargetDependency;
			target = 08DFC69C29EEE5DD00C3631A /* HWSPortfolio */;
			targetProxy = 08F3580C29F7BD470058845D /* PBXContainerItemProxy */;
		};
/* End PBXTargetDependency section */

/* Begin PBXVariantGroup section */
		0898E69E29F2E1F300C81F1E /* Localizable.strings */ = {
			isa = PBXVariantGroup;
			children = (
				0898E69D29F2E1F300C81F1E /* en */,
				0898E6A329F2E20800C81F1E /* uk */,
			);
			name = Localizable.strings;
			sourceTree = "<group>";
		};
		0898E6A129F2E1FE00C81F1E /* Localizable.stringsdict */ = {
			isa = PBXVariantGroup;
			children = (
				0898E6A029F2E1FE00C81F1E /* en */,
				0898E6A229F2E20300C81F1E /* uk */,
			);
			name = Localizable.stringsdict;
			sourceTree = "<group>";
		};
		0898E6AA29F2F6D600C81F1E /* Awards.json */ = {
			isa = PBXVariantGroup;
			children = (
				0898E6AC29F2F6DC00C81F1E /* uk */,
				0898E6AD29F2F6E800C81F1E /* en */,
			);
			name = Awards.json;
			sourceTree = "<group>";
		};
/* End PBXVariantGroup section */

/* Begin XCBuildConfiguration section */
		0898E6E329F6598A00C81F1E /* Debug */ = {
			isa = XCBuildConfiguration;
			buildSettings = {
				BUNDLE_LOADER = "$(TEST_HOST)";
				CODE_SIGN_STYLE = Automatic;
				CURRENT_PROJECT_VERSION = 1;
				DEVELOPMENT_TEAM = Y7QY22UYMJ;
				GENERATE_INFOPLIST_FILE = YES;
				IPHONEOS_DEPLOYMENT_TARGET = 16.4;
				MARKETING_VERSION = 1.0;
				PRODUCT_BUNDLE_IDENTIFIER = "com.denys-triasunov.HWSPortfolioTests";
				PRODUCT_NAME = "$(TARGET_NAME)";
				SDKROOT = iphoneos;
				SWIFT_EMIT_LOC_STRINGS = NO;
				SWIFT_VERSION = 5.0;
				TARGETED_DEVICE_FAMILY = "1,2";
				TEST_HOST = "$(BUILT_PRODUCTS_DIR)/HWSPortfolio.app/$(BUNDLE_EXECUTABLE_FOLDER_PATH)/HWSPortfolio";
			};
			name = Debug;
		};
		0898E6E429F6598A00C81F1E /* Release */ = {
			isa = XCBuildConfiguration;
			buildSettings = {
				BUNDLE_LOADER = "$(TEST_HOST)";
				CODE_SIGN_STYLE = Automatic;
				CURRENT_PROJECT_VERSION = 1;
				DEVELOPMENT_TEAM = Y7QY22UYMJ;
				GENERATE_INFOPLIST_FILE = YES;
				IPHONEOS_DEPLOYMENT_TARGET = 16.4;
				MARKETING_VERSION = 1.0;
				PRODUCT_BUNDLE_IDENTIFIER = "com.denys-triasunov.HWSPortfolioTests";
				PRODUCT_NAME = "$(TARGET_NAME)";
				SDKROOT = iphoneos;
				SWIFT_EMIT_LOC_STRINGS = NO;
				SWIFT_VERSION = 5.0;
				TARGETED_DEVICE_FAMILY = "1,2";
				TEST_HOST = "$(BUILT_PRODUCTS_DIR)/HWSPortfolio.app/$(BUNDLE_EXECUTABLE_FOLDER_PATH)/HWSPortfolio";
				VALIDATE_PRODUCT = YES;
			};
			name = Release;
		};
		08DFC6AA29EEE5E100C3631A /* Debug */ = {
			isa = XCBuildConfiguration;
			buildSettings = {
				ALWAYS_SEARCH_USER_PATHS = NO;
				CLANG_ANALYZER_NONNULL = YES;
				CLANG_ANALYZER_NUMBER_OBJECT_CONVERSION = YES_AGGRESSIVE;
				CLANG_CXX_LANGUAGE_STANDARD = "gnu++20";
				CLANG_ENABLE_MODULES = YES;
				CLANG_ENABLE_OBJC_ARC = YES;
				CLANG_ENABLE_OBJC_WEAK = YES;
				CLANG_WARN_BLOCK_CAPTURE_AUTORELEASING = YES;
				CLANG_WARN_BOOL_CONVERSION = YES;
				CLANG_WARN_COMMA = YES;
				CLANG_WARN_CONSTANT_CONVERSION = YES;
				CLANG_WARN_DEPRECATED_OBJC_IMPLEMENTATIONS = YES;
				CLANG_WARN_DIRECT_OBJC_ISA_USAGE = YES_ERROR;
				CLANG_WARN_DOCUMENTATION_COMMENTS = YES;
				CLANG_WARN_EMPTY_BODY = YES;
				CLANG_WARN_ENUM_CONVERSION = YES;
				CLANG_WARN_INFINITE_RECURSION = YES;
				CLANG_WARN_INT_CONVERSION = YES;
				CLANG_WARN_NON_LITERAL_NULL_CONVERSION = YES;
				CLANG_WARN_OBJC_IMPLICIT_RETAIN_SELF = YES;
				CLANG_WARN_OBJC_LITERAL_CONVERSION = YES;
				CLANG_WARN_OBJC_ROOT_CLASS = YES_ERROR;
				CLANG_WARN_QUOTED_INCLUDE_IN_FRAMEWORK_HEADER = YES;
				CLANG_WARN_RANGE_LOOP_ANALYSIS = YES;
				CLANG_WARN_STRICT_PROTOTYPES = YES;
				CLANG_WARN_SUSPICIOUS_MOVE = YES;
				CLANG_WARN_UNGUARDED_AVAILABILITY = YES_AGGRESSIVE;
				CLANG_WARN_UNREACHABLE_CODE = YES;
				CLANG_WARN__DUPLICATE_METHOD_MATCH = YES;
				COPY_PHASE_STRIP = NO;
				DEBUG_INFORMATION_FORMAT = dwarf;
				ENABLE_STRICT_OBJC_MSGSEND = YES;
				ENABLE_TESTABILITY = YES;
				GCC_C_LANGUAGE_STANDARD = gnu11;
				GCC_DYNAMIC_NO_PIC = NO;
				GCC_NO_COMMON_BLOCKS = YES;
				GCC_OPTIMIZATION_LEVEL = 0;
				GCC_PREPROCESSOR_DEFINITIONS = (
					"DEBUG=1",
					"$(inherited)",
				);
				GCC_WARN_64_TO_32_BIT_CONVERSION = YES;
				GCC_WARN_ABOUT_RETURN_TYPE = YES_ERROR;
				GCC_WARN_UNDECLARED_SELECTOR = YES;
				GCC_WARN_UNINITIALIZED_AUTOS = YES_AGGRESSIVE;
				GCC_WARN_UNUSED_FUNCTION = YES;
				GCC_WARN_UNUSED_VARIABLE = YES;
				MTL_ENABLE_DEBUG_INFO = INCLUDE_SOURCE;
				MTL_FAST_MATH = YES;
				ONLY_ACTIVE_ARCH = YES;
				SWIFT_ACTIVE_COMPILATION_CONDITIONS = DEBUG;
				SWIFT_OPTIMIZATION_LEVEL = "-Onone";
			};
			name = Debug;
		};
		08DFC6AB29EEE5E100C3631A /* Release */ = {
			isa = XCBuildConfiguration;
			buildSettings = {
				ALWAYS_SEARCH_USER_PATHS = NO;
				CLANG_ANALYZER_NONNULL = YES;
				CLANG_ANALYZER_NUMBER_OBJECT_CONVERSION = YES_AGGRESSIVE;
				CLANG_CXX_LANGUAGE_STANDARD = "gnu++20";
				CLANG_ENABLE_MODULES = YES;
				CLANG_ENABLE_OBJC_ARC = YES;
				CLANG_ENABLE_OBJC_WEAK = YES;
				CLANG_WARN_BLOCK_CAPTURE_AUTORELEASING = YES;
				CLANG_WARN_BOOL_CONVERSION = YES;
				CLANG_WARN_COMMA = YES;
				CLANG_WARN_CONSTANT_CONVERSION = YES;
				CLANG_WARN_DEPRECATED_OBJC_IMPLEMENTATIONS = YES;
				CLANG_WARN_DIRECT_OBJC_ISA_USAGE = YES_ERROR;
				CLANG_WARN_DOCUMENTATION_COMMENTS = YES;
				CLANG_WARN_EMPTY_BODY = YES;
				CLANG_WARN_ENUM_CONVERSION = YES;
				CLANG_WARN_INFINITE_RECURSION = YES;
				CLANG_WARN_INT_CONVERSION = YES;
				CLANG_WARN_NON_LITERAL_NULL_CONVERSION = YES;
				CLANG_WARN_OBJC_IMPLICIT_RETAIN_SELF = YES;
				CLANG_WARN_OBJC_LITERAL_CONVERSION = YES;
				CLANG_WARN_OBJC_ROOT_CLASS = YES_ERROR;
				CLANG_WARN_QUOTED_INCLUDE_IN_FRAMEWORK_HEADER = YES;
				CLANG_WARN_RANGE_LOOP_ANALYSIS = YES;
				CLANG_WARN_STRICT_PROTOTYPES = YES;
				CLANG_WARN_SUSPICIOUS_MOVE = YES;
				CLANG_WARN_UNGUARDED_AVAILABILITY = YES_AGGRESSIVE;
				CLANG_WARN_UNREACHABLE_CODE = YES;
				CLANG_WARN__DUPLICATE_METHOD_MATCH = YES;
				COPY_PHASE_STRIP = NO;
				DEBUG_INFORMATION_FORMAT = "dwarf-with-dsym";
				ENABLE_NS_ASSERTIONS = NO;
				ENABLE_STRICT_OBJC_MSGSEND = YES;
				GCC_C_LANGUAGE_STANDARD = gnu11;
				GCC_NO_COMMON_BLOCKS = YES;
				GCC_WARN_64_TO_32_BIT_CONVERSION = YES;
				GCC_WARN_ABOUT_RETURN_TYPE = YES_ERROR;
				GCC_WARN_UNDECLARED_SELECTOR = YES;
				GCC_WARN_UNINITIALIZED_AUTOS = YES_AGGRESSIVE;
				GCC_WARN_UNUSED_FUNCTION = YES;
				GCC_WARN_UNUSED_VARIABLE = YES;
				MTL_ENABLE_DEBUG_INFO = NO;
				MTL_FAST_MATH = YES;
				SWIFT_COMPILATION_MODE = wholemodule;
				SWIFT_OPTIMIZATION_LEVEL = "-O";
			};
			name = Release;
		};
		08DFC6AD29EEE5E100C3631A /* Debug */ = {
			isa = XCBuildConfiguration;
			buildSettings = {
				ASSETCATALOG_COMPILER_APPICON_NAME = AppIcon;
				ASSETCATALOG_COMPILER_GLOBAL_ACCENT_COLOR_NAME = AccentColor;
				CODE_SIGN_ENTITLEMENTS = HWSPortfolio/Configuration/HWSPortfolio.entitlements;
				CODE_SIGN_IDENTITY = "Apple Development";
				CODE_SIGN_STYLE = Automatic;
				CURRENT_PROJECT_VERSION = 1;
				DEVELOPMENT_ASSET_PATHS = "\"HWSPortfolio/Preview Content\"";
				DEVELOPMENT_TEAM = Y7QY22UYMJ;
				ENABLE_HARDENED_RUNTIME = YES;
				ENABLE_PREVIEWS = YES;
				GENERATE_INFOPLIST_FILE = YES;
				INFOPLIST_FILE = HWSPortfolio/Configuration/Info.plist;
				"INFOPLIST_KEY_UIApplicationSceneManifest_Generation[sdk=iphoneos*]" = YES;
				"INFOPLIST_KEY_UIApplicationSceneManifest_Generation[sdk=iphonesimulator*]" = YES;
				"INFOPLIST_KEY_UIApplicationSupportsIndirectInputEvents[sdk=iphoneos*]" = YES;
				"INFOPLIST_KEY_UIApplicationSupportsIndirectInputEvents[sdk=iphonesimulator*]" = YES;
				"INFOPLIST_KEY_UILaunchScreen_Generation[sdk=iphoneos*]" = YES;
				"INFOPLIST_KEY_UILaunchScreen_Generation[sdk=iphonesimulator*]" = YES;
				"INFOPLIST_KEY_UIStatusBarStyle[sdk=iphoneos*]" = UIStatusBarStyleDefault;
				"INFOPLIST_KEY_UIStatusBarStyle[sdk=iphonesimulator*]" = UIStatusBarStyleDefault;
				INFOPLIST_KEY_UISupportedInterfaceOrientations_iPad = "UIInterfaceOrientationPortrait UIInterfaceOrientationPortraitUpsideDown UIInterfaceOrientationLandscapeLeft UIInterfaceOrientationLandscapeRight";
				INFOPLIST_KEY_UISupportedInterfaceOrientations_iPhone = "UIInterfaceOrientationPortrait UIInterfaceOrientationLandscapeLeft UIInterfaceOrientationLandscapeRight";
				IPHONEOS_DEPLOYMENT_TARGET = 16.4;
				LD_RUNPATH_SEARCH_PATHS = "@executable_path/Frameworks";
				"LD_RUNPATH_SEARCH_PATHS[sdk=macosx*]" = "@executable_path/../Frameworks";
				MACOSX_DEPLOYMENT_TARGET = 13.3;
				MARKETING_VERSION = 1.0;
				PRODUCT_BUNDLE_IDENTIFIER = "com.denys-triasunov.HWSPortfolio";
				PRODUCT_NAME = "$(TARGET_NAME)";
				PROVISIONING_PROFILE_SPECIFIER = "";
				SDKROOT = auto;
				SUPPORTED_PLATFORMS = "iphoneos iphonesimulator macosx";
				SWIFT_EMIT_LOC_STRINGS = YES;
				SWIFT_VERSION = 5.0;
				TARGETED_DEVICE_FAMILY = "1,2";
			};
			name = Debug;
		};
		08DFC6AE29EEE5E100C3631A /* Release */ = {
			isa = XCBuildConfiguration;
			buildSettings = {
				ASSETCATALOG_COMPILER_APPICON_NAME = AppIcon;
				ASSETCATALOG_COMPILER_GLOBAL_ACCENT_COLOR_NAME = AccentColor;
				CODE_SIGN_ENTITLEMENTS = HWSPortfolio/Configuration/HWSPortfolio.entitlements;
				CODE_SIGN_IDENTITY = "Apple Development";
				CODE_SIGN_STYLE = Automatic;
				CURRENT_PROJECT_VERSION = 1;
				DEVELOPMENT_ASSET_PATHS = "\"HWSPortfolio/Preview Content\"";
				DEVELOPMENT_TEAM = Y7QY22UYMJ;
				ENABLE_HARDENED_RUNTIME = YES;
				ENABLE_PREVIEWS = YES;
				GENERATE_INFOPLIST_FILE = YES;
				INFOPLIST_FILE = HWSPortfolio/Configuration/Info.plist;
				"INFOPLIST_KEY_UIApplicationSceneManifest_Generation[sdk=iphoneos*]" = YES;
				"INFOPLIST_KEY_UIApplicationSceneManifest_Generation[sdk=iphonesimulator*]" = YES;
				"INFOPLIST_KEY_UIApplicationSupportsIndirectInputEvents[sdk=iphoneos*]" = YES;
				"INFOPLIST_KEY_UIApplicationSupportsIndirectInputEvents[sdk=iphonesimulator*]" = YES;
				"INFOPLIST_KEY_UILaunchScreen_Generation[sdk=iphoneos*]" = YES;
				"INFOPLIST_KEY_UILaunchScreen_Generation[sdk=iphonesimulator*]" = YES;
				"INFOPLIST_KEY_UIStatusBarStyle[sdk=iphoneos*]" = UIStatusBarStyleDefault;
				"INFOPLIST_KEY_UIStatusBarStyle[sdk=iphonesimulator*]" = UIStatusBarStyleDefault;
				INFOPLIST_KEY_UISupportedInterfaceOrientations_iPad = "UIInterfaceOrientationPortrait UIInterfaceOrientationPortraitUpsideDown UIInterfaceOrientationLandscapeLeft UIInterfaceOrientationLandscapeRight";
				INFOPLIST_KEY_UISupportedInterfaceOrientations_iPhone = "UIInterfaceOrientationPortrait UIInterfaceOrientationLandscapeLeft UIInterfaceOrientationLandscapeRight";
				IPHONEOS_DEPLOYMENT_TARGET = 16.4;
				LD_RUNPATH_SEARCH_PATHS = "@executable_path/Frameworks";
				"LD_RUNPATH_SEARCH_PATHS[sdk=macosx*]" = "@executable_path/../Frameworks";
				MACOSX_DEPLOYMENT_TARGET = 13.3;
				MARKETING_VERSION = 1.0;
				PRODUCT_BUNDLE_IDENTIFIER = "com.denys-triasunov.HWSPortfolio";
				PRODUCT_NAME = "$(TARGET_NAME)";
				PROVISIONING_PROFILE_SPECIFIER = "";
				SDKROOT = auto;
				SUPPORTED_PLATFORMS = "iphoneos iphonesimulator macosx";
				SWIFT_EMIT_LOC_STRINGS = YES;
				SWIFT_VERSION = 5.0;
				TARGETED_DEVICE_FAMILY = "1,2";
			};
			name = Release;
		};
		08F357FE29F7A6CF0058845D /* Debug */ = {
			isa = XCBuildConfiguration;
			buildSettings = {
				BUNDLE_LOADER = "$(TEST_HOST)";
				CODE_SIGN_STYLE = Automatic;
				CURRENT_PROJECT_VERSION = 1;
				DEVELOPMENT_TEAM = Y7QY22UYMJ;
				GENERATE_INFOPLIST_FILE = YES;
				IPHONEOS_DEPLOYMENT_TARGET = 16.4;
				MACOSX_DEPLOYMENT_TARGET = 13.3;
				MARKETING_VERSION = 1.0;
				PRODUCT_BUNDLE_IDENTIFIER = "com.denys-triasunov.HWSPortfolio-PerformanceTests";
				PRODUCT_NAME = "$(TARGET_NAME)";
				SDKROOT = auto;
				SUPPORTED_PLATFORMS = "iphoneos iphonesimulator macosx";
				SWIFT_EMIT_LOC_STRINGS = NO;
				SWIFT_VERSION = 5.0;
				TARGETED_DEVICE_FAMILY = "1,2";
				TEST_HOST = "$(BUILT_PRODUCTS_DIR)/HWSPortfolio.app/$(BUNDLE_EXECUTABLE_FOLDER_PATH)/HWSPortfolio";
			};
			name = Debug;
		};
		08F357FF29F7A6CF0058845D /* Release */ = {
			isa = XCBuildConfiguration;
			buildSettings = {
				BUNDLE_LOADER = "$(TEST_HOST)";
				CODE_SIGN_STYLE = Automatic;
				CURRENT_PROJECT_VERSION = 1;
				DEVELOPMENT_TEAM = Y7QY22UYMJ;
				GENERATE_INFOPLIST_FILE = YES;
				IPHONEOS_DEPLOYMENT_TARGET = 16.4;
				MACOSX_DEPLOYMENT_TARGET = 13.3;
				MARKETING_VERSION = 1.0;
				PRODUCT_BUNDLE_IDENTIFIER = "com.denys-triasunov.HWSPortfolio-PerformanceTests";
				PRODUCT_NAME = "$(TARGET_NAME)";
				SDKROOT = auto;
				SUPPORTED_PLATFORMS = "iphoneos iphonesimulator macosx";
				SWIFT_EMIT_LOC_STRINGS = NO;
				SWIFT_VERSION = 5.0;
				TARGETED_DEVICE_FAMILY = "1,2";
				TEST_HOST = "$(BUILT_PRODUCTS_DIR)/HWSPortfolio.app/$(BUNDLE_EXECUTABLE_FOLDER_PATH)/HWSPortfolio";
			};
			name = Release;
		};
		08F3580F29F7BD470058845D /* Debug */ = {
			isa = XCBuildConfiguration;
			buildSettings = {
				CODE_SIGN_STYLE = Automatic;
				CURRENT_PROJECT_VERSION = 1;
				DEVELOPMENT_TEAM = Y7QY22UYMJ;
				GENERATE_INFOPLIST_FILE = YES;
				IPHONEOS_DEPLOYMENT_TARGET = 16.4;
				MARKETING_VERSION = 1.0;
				PRODUCT_BUNDLE_IDENTIFIER = "com.denys-triasunov.HWSPortfolioUITests";
				PRODUCT_NAME = "$(TARGET_NAME)";
				SDKROOT = iphoneos;
				SWIFT_EMIT_LOC_STRINGS = NO;
				SWIFT_VERSION = 5.0;
				TARGETED_DEVICE_FAMILY = "1,2";
				TEST_TARGET_NAME = HWSPortfolio;
			};
			name = Debug;
		};
		08F3581029F7BD470058845D /* Release */ = {
			isa = XCBuildConfiguration;
			buildSettings = {
				CODE_SIGN_STYLE = Automatic;
				CURRENT_PROJECT_VERSION = 1;
				DEVELOPMENT_TEAM = Y7QY22UYMJ;
				GENERATE_INFOPLIST_FILE = YES;
				IPHONEOS_DEPLOYMENT_TARGET = 16.4;
				MARKETING_VERSION = 1.0;
				PRODUCT_BUNDLE_IDENTIFIER = "com.denys-triasunov.HWSPortfolioUITests";
				PRODUCT_NAME = "$(TARGET_NAME)";
				SDKROOT = iphoneos;
				SWIFT_EMIT_LOC_STRINGS = NO;
				SWIFT_VERSION = 5.0;
				TARGETED_DEVICE_FAMILY = "1,2";
				TEST_TARGET_NAME = HWSPortfolio;
				VALIDATE_PRODUCT = YES;
			};
			name = Release;
		};
/* End XCBuildConfiguration section */

/* Begin XCConfigurationList section */
		0898E6E229F6598A00C81F1E /* Build configuration list for PBXNativeTarget "HWSPortfolioTests" */ = {
			isa = XCConfigurationList;
			buildConfigurations = (
				0898E6E329F6598A00C81F1E /* Debug */,
				0898E6E429F6598A00C81F1E /* Release */,
			);
			defaultConfigurationIsVisible = 0;
			defaultConfigurationName = Release;
		};
		08DFC69829EEE5DD00C3631A /* Build configuration list for PBXProject "HWSPortfolio" */ = {
			isa = XCConfigurationList;
			buildConfigurations = (
				08DFC6AA29EEE5E100C3631A /* Debug */,
				08DFC6AB29EEE5E100C3631A /* Release */,
			);
			defaultConfigurationIsVisible = 0;
			defaultConfigurationName = Release;
		};
		08DFC6AC29EEE5E100C3631A /* Build configuration list for PBXNativeTarget "HWSPortfolio" */ = {
			isa = XCConfigurationList;
			buildConfigurations = (
				08DFC6AD29EEE5E100C3631A /* Debug */,
				08DFC6AE29EEE5E100C3631A /* Release */,
			);
			defaultConfigurationIsVisible = 0;
			defaultConfigurationName = Release;
		};
		08F357FD29F7A6CF0058845D /* Build configuration list for PBXNativeTarget "HWSPortfolio_PerformanceTests" */ = {
			isa = XCConfigurationList;
			buildConfigurations = (
				08F357FE29F7A6CF0058845D /* Debug */,
				08F357FF29F7A6CF0058845D /* Release */,
			);
			defaultConfigurationIsVisible = 0;
			defaultConfigurationName = Release;
		};
		08F3580E29F7BD470058845D /* Build configuration list for PBXNativeTarget "HWSPortfolioUITests" */ = {
			isa = XCConfigurationList;
			buildConfigurations = (
				08F3580F29F7BD470058845D /* Debug */,
				08F3581029F7BD470058845D /* Release */,
			);
			defaultConfigurationIsVisible = 0;
			defaultConfigurationName = Release;
		};
/* End XCConfigurationList section */

/* Begin XCVersionGroup section */
		08DFC6AF29EEECC100C3631A /* Main.xcdatamodeld */ = {
			isa = XCVersionGroup;
			children = (
				08DFC6B029EEECC100C3631A /* Main.xcdatamodel */,
			);
			currentVersion = 08DFC6B029EEECC100C3631A /* Main.xcdatamodel */;
			path = Main.xcdatamodeld;
			sourceTree = "<group>";
			versionGroupType = wrapper.xcdatamodel;
		};
/* End XCVersionGroup section */
	};
	rootObject = 08DFC69529EEE5DD00C3631A /* Project object */;
}
